
Microsoft Visual Studio Solution File, Format Version 12.00
# Visual Studio Version 16
VisualStudioVersion = 16.0.30804.86
MinimumVisualStudioVersion = 10.0.40219.1
Project("{9A19103F-16F7-4668-BE54-9A1E7A4F7556}") = "T1.ParserKit", "T1.ParserKit\T1.ParserKit.csproj", "{7154E7AD-190D-487B-AF3F-F7480C998689}"
EndProject
Project("{9A19103F-16F7-4668-BE54-9A1E7A4F7556}") = "T1.ParserKitTests", "T1.ParserKitTests\T1.ParserKitTests.csproj", "{61EE6FDC-25E4-4247-A36F-1A39626C8A96}"
EndProject
Project("{FAE04EC0-301F-11D3-BF4B-00C04F79EFBC}") = "TestConsole", "TestConsole\TestConsole.csproj", "{5DC9A70C-6F4B-4C1E-9A00-0C37E69AAF41}"
EndProject
Global
	GlobalSection(SolutionConfigurationPlatforms) = preSolution
		Debug|Any CPU = Debug|Any CPU
		Release|Any CPU = Release|Any CPU
	EndGlobalSection
	GlobalSection(ProjectConfigurationPlatforms) = postSolution
		{7154E7AD-190D-487B-AF3F-F7480C998689}.Debug|Any CPU.ActiveCfg = Debug|Any CPU
		{7154E7AD-190D-487B-AF3F-F7480C998689}.Debug|Any CPU.Build.0 = Debug|Any CPU
		{7154E7AD-190D-487B-AF3F-F7480C998689}.Release|Any CPU.ActiveCfg = Release|Any CPU
		{7154E7AD-190D-487B-AF3F-F7480C998689}.Release|Any CPU.Build.0 = Release|Any CPU
		{61EE6FDC-25E4-4247-A36F-1A39626C8A96}.Debug|Any CPU.ActiveCfg = Debug|Any CPU
		{61EE6FDC-25E4-4247-A36F-1A39626C8A96}.Debug|Any CPU.Build.0 = Debug|Any CPU
		{61EE6FDC-25E4-4247-A36F-1A39626C8A96}.Release|Any CPU.ActiveCfg = Release|Any CPU
		{61EE6FDC-25E4-4247-A36F-1A39626C8A96}.Release|Any CPU.Build.0 = Release|Any CPU
		{5DC9A70C-6F4B-4C1E-9A00-0C37E69AAF41}.Debug|Any CPU.ActiveCfg = Debug|Any CPU
		{5DC9A70C-6F4B-4C1E-9A00-0C37E69AAF41}.Debug|Any CPU.Build.0 = Debug|Any CPU
		{5DC9A70C-6F4B-4C1E-9A00-0C37E69AAF41}.Release|Any CPU.ActiveCfg = Release|Any CPU
		{5DC9A70C-6F4B-4C1E-9A00-0C37E69AAF41}.Release|Any CPU.Build.0 = Release|Any CPU
	EndGlobalSection
	GlobalSection(SolutionProperties) = preSolution
		HideSolutionNode = FALSE
	EndGlobalSection
	GlobalSection(ExtensibilityGlobals) = postSolution
		SolutionGuid = {72D5A75F-89B1-4AB7-8AFF-019E22BE95C6}
	EndGlobalSection
EndGlobal
